
Microsoft Visual Studio Solution File, Format Version 12.00
# Visual Studio Version 16
VisualStudioVersion = 16.0.31911.196
MinimumVisualStudioVersion = 10.0.40219.1
Project("{FAE04EC0-301F-11D3-BF4B-00C04F79EFBC}") = "Lab 11", "Lab 11.csproj", "{238E59B8-2047-4FD4-8B7E-577293C3A139}"
EndProject
Global
	GlobalSection(SolutionConfigurationPlatforms) = preSolution
		Debug|Any CPU = Debug|Any CPU
		Release|Any CPU = Release|Any CPU
	EndGlobalSection
	GlobalSection(ProjectConfigurationPlatforms) = postSolution
		{238E59B8-2047-4FD4-8B7E-577293C3A139}.Debug|Any CPU.ActiveCfg = Debug|Any CPU
		{238E59B8-2047-4FD4-8B7E-577293C3A139}.Debug|Any CPU.Build.0 = Debug|Any CPU
		{238E59B8-2047-4FD4-8B7E-577293C3A139}.Release|Any CPU.ActiveCfg = Release|Any CPU
		{238E59B8-2047-4FD4-8B7E-577293C3A139}.Release|Any CPU.Build.0 = Release|Any CPU
	EndGlobalSection
	GlobalSection(SolutionProperties) = preSolution
		HideSolutionNode = FALSE
	EndGlobalSection
	GlobalSection(ExtensibilityGlobals) = postSolution
		SolutionGuid = {42455AFD-B257-4B0C-8642-AF13CD33EA37}
	EndGlobalSection
EndGlobal
